
Microsoft Visual Studio Solution File, Format Version 12.00
# Visual Studio 2012
Project("{8BC9CEB8-8B4A-11D0-8D11-00A0C91BC942}") = "Project5", "Project5\Project5.vcxproj", "{ECCA6053-2D10-4754-97B0-B448B3590ABC}"
EndProject
Global
	GlobalSection(SolutionConfigurationPlatforms) = preSolution
		Debug|Win32 = Debug|Win32
		Release|Win32 = Release|Win32
	EndGlobalSection
	GlobalSection(ProjectConfigurationPlatforms) = postSolution
		{ECCA6053-2D10-4754-97B0-B448B3590ABC}.Debug|Win32.ActiveCfg = Debug|Win32
		{ECCA6053-2D10-4754-97B0-B448B3590ABC}.Debug|Win32.Build.0 = Debug|Win32
		{ECCA6053-2D10-4754-97B0-B448B3590ABC}.Release|Win32.ActiveCfg = Release|Win32
		{ECCA6053-2D10-4754-97B0-B448B3590ABC}.Release|Win32.Build.0 = Release|Win32
	EndGlobalSection
	GlobalSection(SolutionProperties) = preSolution
		HideSolutionNode = FALSE
	EndGlobalSection
EndGlobal
